
Microsoft Visual Studio Solution File, Format Version 12.00
# Visual Studio Version 17
VisualStudioVersion = 17.13.35828.75 d17.13
MinimumVisualStudioVersion = 10.0.40219.1
Project("{FAE04EC0-301F-11D3-BF4B-00C04F79EFBC}") = "04 - powtorka", "04 - powtorka\04 - powtorka.csproj", "{94E8871C-B7D6-4416-ABE7-AC25DF65B93D}"
EndProject
Global
	GlobalSection(SolutionConfigurationPlatforms) = preSolution
		Debug|Any CPU = Debug|Any CPU
		Release|Any CPU = Release|Any CPU
	EndGlobalSection
	GlobalSection(ProjectConfigurationPlatforms) = postSolution
		{94E8871C-B7D6-4416-ABE7-AC25DF65B93D}.Debug|Any CPU.ActiveCfg = Debug|Any CPU
		{94E8871C-B7D6-4416-ABE7-AC25DF65B93D}.Debug|Any CPU.Build.0 = Debug|Any CPU
		{94E8871C-B7D6-4416-ABE7-AC25DF65B93D}.Release|Any CPU.ActiveCfg = Release|Any CPU
		{94E8871C-B7D6-4416-ABE7-AC25DF65B93D}.Release|Any CPU.Build.0 = Release|Any CPU
	EndGlobalSection
	GlobalSection(SolutionProperties) = preSolution
		HideSolutionNode = FALSE
	EndGlobalSection
	GlobalSection(ExtensibilityGlobals) = postSolution
		SolutionGuid = {A70D4D46-9FEA-4102-B7B6-CE6948BD8C43}
	EndGlobalSection
EndGlobal
